{
  "name": "fork-sync",
  "version": "1.2.1",
  "lockfileVersion": 1,
  "requires": true,
  "dependencies": {
    "@actions/core": {
      "version": "1.2.5",
      "resolved": "https://registry.npmjs.org/@actions/core/-/core-1.2.5.tgz",
      "integrity": "sha512-mwpoNjHSWWh0IiALdDEQi3tru124JKn0yVNziIBzTME8QRv7thwoghVuT1jBRjFvdtoHsqD58IRHy1nf86paRg=="
    },
    "@actions/github": {
      "version": "4.0.0",
      "resolved": "https://registry.npmjs.org/@actions/github/-/github-4.0.0.tgz",
      "integrity": "sha512-Ej/Y2E+VV6sR9X7pWL5F3VgEWrABaT292DRqRU6R4hnQjPtC/zD3nagxVdXWiRQvYDh8kHXo7IDmG42eJ/dOMA==",
      "requires": {
        "@actions/http-client": "^1.0.8",
        "@octokit/core": "^3.0.0",
        "@octokit/plugin-paginate-rest": "^2.2.3",
        "@octokit/plugin-rest-endpoint-methods": "^4.0.0"
      }
    },
    "@actions/http-client": {
      "version": "1.0.8",
      "resolved": "https://registry.npmjs.org/@actions/http-client/-/http-client-1.0.8.tgz",
      "integrity": "sha512-G4JjJ6f9Hb3Zvejj+ewLLKLf99ZC+9v+yCxoYf9vSyH+WkzPLB2LuUtRMGNkooMqdugGBFStIKXOuvH1W+EctA==",
      "requires": {
        "tunnel": "0.0.6"
      }
    },
    "@octokit/auth-token": {
      "version": "2.4.2",
      "resolved": "https://registry.npmjs.org/@octokit/auth-token/-/auth-token-2.4.2.tgz",
      "integrity": "sha512-jE/lE/IKIz2v1+/P0u4fJqv0kYwXOTujKemJMFr6FeopsxlIK3+wKDCJGnysg81XID5TgZQbIfuJ5J0lnTiuyQ==",
      "requires": {
        "@octokit/types": "^5.0.0"
      }
    },
    "@octokit/core": {
      "version": "3.1.2",
      "resolved": "https://registry.npmjs.org/@octokit/core/-/core-3.1.2.tgz",
      "integrity": "sha512-AInOFULmwOa7+NFi9F8DlDkm5qtZVmDQayi7TUgChE3yeIGPq0Y+6cAEXPexQ3Ea+uZy66hKEazR7DJyU+4wfw==",
      "requires": {
        "@octokit/auth-token": "^2.4.0",
        "@octokit/graphql": "^4.3.1",
        "@octokit/request": "^5.4.0",
        "@octokit/types": "^5.0.0",
        "before-after-hook": "^2.1.0",
        "universal-user-agent": "^6.0.0"
      }
    },
    "@octokit/endpoint": {
      "version": "6.0.5",
      "resolved": "https://registry.npmjs.org/@octokit/endpoint/-/endpoint-6.0.5.tgz",
      "integrity": "sha512-70K5u6zd45ItOny6aHQAsea8HHQjlQq85yqOMe+Aj8dkhN2qSJ9T+Q3YjUjEYfPRBcuUWNgMn62DQnP/4LAIiQ==",
      "requires": {
        "@octokit/types": "^5.0.0",
        "is-plain-object": "^4.0.0",
        "universal-user-agent": "^6.0.0"
      }
    },
    "@octokit/graphql": {
      "version": "4.5.4",
      "resolved": "https://registry.npmjs.org/@octokit/graphql/-/graphql-4.5.4.tgz",
      "integrity": "sha512-ITpZ+dQc0cXAW1FmDkHJJM+8Lb6anUnin0VB5hLBilnYVdLC0ICFU/KIvT7OXfW9S81DE3U4Vx2EypDG1OYaPA==",
      "requires": {
        "@octokit/request": "^5.3.0",
        "@octokit/types": "^5.0.0",
        "universal-user-agent": "^6.0.0"
      }
    },
    "@octokit/plugin-paginate-rest": {
      "version": "2.3.2",
      "resolved": "https://registry.npmjs.org/@octokit/plugin-paginate-rest/-/plugin-paginate-rest-2.3.2.tgz",
      "integrity": "sha512-PjHbMhKryxClCrmfvRpGaKCTxUcHIf2zirWRV9SMGf0EmxD/rFew/abSqbMiLl9uQgRZvqtTyCRMGMlUv1ZsBg==",
      "requires": {
        "@octokit/types": "^5.3.0"
      }
    },
    "@octokit/plugin-request-log": {
      "version": "1.0.0",
      "resolved": "https://registry.npmjs.org/@octokit/plugin-request-log/-/plugin-request-log-1.0.0.tgz",
      "integrity": "sha512-ywoxP68aOT3zHCLgWZgwUJatiENeHE7xJzYjfz8WI0goynp96wETBF+d95b8g/uL4QmS6owPVlaxiz3wyMAzcw=="
    },
    "@octokit/plugin-rest-endpoint-methods": {
      "version": "4.1.4",
      "resolved": "https://registry.npmjs.org/@octokit/plugin-rest-endpoint-methods/-/plugin-rest-endpoint-methods-4.1.4.tgz",
      "integrity": "sha512-Y2tVpSa7HjV3DGIQrQOJcReJ2JtcN9FaGr9jDa332Flro923/h3/Iu9e7Y4GilnzfLclHEh5iCQoCkHm7tWOcg==",
      "requires": {
        "@octokit/types": "^5.4.1",
        "deprecation": "^2.3.1"
      }
    },
    "@octokit/plugin-retry": {
      "version": "3.0.3",
      "resolved": "https://registry.npmjs.org/@octokit/plugin-retry/-/plugin-retry-3.0.3.tgz",
      "integrity": "sha512-RFvcBg4JGyfWTWE35EIF7jf/eglIk5MuvfygzdIMLIVK3/4Ywz3X1x9Ri75nlyAmk53EpVWB4DwM/xEB1NXxXA==",
      "requires": {
        "@octokit/types": "^5.0.0",
        "bottleneck": "^2.15.3"
      }
    },
    "@octokit/request": {
      "version": "5.4.7",
      "resolved": "https://registry.npmjs.org/@octokit/request/-/request-5.4.7.tgz",
      "integrity": "sha512-FN22xUDP0i0uF38YMbOfx6TotpcENP5W8yJM1e/LieGXn6IoRxDMnBf7tx5RKSW4xuUZ/1P04NFZy5iY3Rax1A==",
      "requires": {
        "@octokit/endpoint": "^6.0.1",
        "@octokit/request-error": "^2.0.0",
        "@octokit/types": "^5.0.0",
        "deprecation": "^2.0.0",
        "is-plain-object": "^4.0.0",
        "node-fetch": "^2.3.0",
        "once": "^1.4.0",
        "universal-user-agent": "^6.0.0"
      }
    },
    "@octokit/request-error": {
      "version": "2.0.2",
      "resolved": "https://registry.npmjs.org/@octokit/request-error/-/request-error-2.0.2.tgz",
      "integrity": "sha512-2BrmnvVSV1MXQvEkrb9zwzP0wXFNbPJij922kYBTLIlIafukrGOb+ABBT2+c6wZiuyWDH1K1zmjGQ0toN/wMWw==",
      "requires": {
        "@octokit/types": "^5.0.1",
        "deprecation": "^2.0.0",
        "once": "^1.4.0"
      }
    },
    "@octokit/rest": {
      "version": "18.0.6",
      "resolved": "https://registry.npmjs.org/@octokit/rest/-/rest-18.0.6.tgz",
      "integrity": "sha512-ES4lZBKPJMX/yUoQjAZiyFjei9pJ4lTTfb9k7OtYoUzKPDLl/M8jiHqt6qeSauyU4eZGLw0sgP1WiQl9FYeM5w==",
      "requires": {
        "@octokit/core": "^3.0.0",
        "@octokit/plugin-paginate-rest": "^2.2.0",
        "@octokit/plugin-request-log": "^1.0.0",
        "@octokit/plugin-rest-endpoint-methods": "4.2.0"
      },
      "dependencies": {
        "@octokit/plugin-rest-endpoint-methods": {
          "version": "4.2.0",
          "resolved": "https://registry.npmjs.org/@octokit/plugin-rest-endpoint-methods/-/plugin-rest-endpoint-methods-4.2.0.tgz",
          "integrity": "sha512-1/qn1q1C1hGz6W/iEDm9DoyNoG/xdFDt78E3eZ5hHeUfJTLJgyAMdj9chL/cNBHjcjd+FH5aO1x0VCqR2RE0mw==",
          "requires": {
            "@octokit/types": "^5.5.0",
            "deprecation": "^2.3.1"
          }
        },
        "@octokit/types": {
          "version": "5.5.0",
          "resolved": "https://registry.npmjs.org/@octokit/types/-/types-5.5.0.tgz",
          "integrity": "sha512-UZ1pErDue6bZNjYOotCNveTXArOMZQFG6hKJfOnGnulVCMcVVi7YIIuuR4WfBhjo7zgpmzn/BkPDnUXtNx+PcQ==",
          "requires": {
            "@types/node": ">= 8"
          }
        }
      }
    },
    "@octokit/types": {
      "version": "5.4.1",
      "resolved": "https://registry.npmjs.org/@octokit/types/-/types-5.4.1.tgz",
      "integrity": "sha512-OlMlSySBJoJ6uozkr/i03nO5dlYQyE05vmQNZhAh9MyO4DPBP88QlwsDVLmVjIMFssvIZB6WO0ctIGMRG+xsJQ==",
      "requires": {
        "@types/node": ">= 8"
      }
    },
    "@types/node": {
      "version": "14.10.1",
      "resolved": "https://registry.npmjs.org/@types/node/-/node-14.10.1.tgz",
      "integrity": "sha512-aYNbO+FZ/3KGeQCEkNhHFRIzBOUgc7QvcVNKXbfnhDkSfwUv91JsQQa10rDgKSTSLkXZ1UIyPe4FJJNVgw1xWQ=="
    },
    "@types/promise-retry": {
      "version": "1.1.3",
      "resolved": "https://registry.npmjs.org/@types/promise-retry/-/promise-retry-1.1.3.tgz",
      "integrity": "sha512-LxIlEpEX6frE3co3vCO2EUJfHIta1IOmhDlcAsR4GMMv9hev1iTI9VwberVGkePJAuLZs5rMucrV8CziCfuJMw==",
      "requires": {
        "@types/retry": "*"
      }
    },
    "@types/retry": {
      "version": "0.12.0",
      "resolved": "https://registry.npmjs.org/@types/retry/-/retry-0.12.0.tgz",
      "integrity": "sha512-wWKOClTTiizcZhXnPY4wikVAwmdYHp8q6DmC+EJUzAMsycb7HB32Kh9RN4+0gExjmPmZSAQjgURXIGATPegAvA=="
    },
    "before-after-hook": {
      "version": "2.1.0",
      "resolved": "https://registry.npmjs.org/before-after-hook/-/before-after-hook-2.1.0.tgz",
      "integrity": "sha512-IWIbu7pMqyw3EAJHzzHbWa85b6oud/yfKYg5rqB5hNE8CeMi3nX+2C2sj0HswfblST86hpVEOAb9x34NZd6P7A=="
    },
    "bottleneck": {
      "version": "2.19.5",
      "resolved": "https://registry.npmjs.org/bottleneck/-/bottleneck-2.19.5.tgz",
      "integrity": "sha512-VHiNCbI1lKdl44tGrhNfU3lup0Tj/ZBMJB5/2ZbNXRCPuRCO7ed2mgcK4r17y+KB2EfuYuRaVlwNbAeaWGSpbw=="
    },
    "deprecation": {
      "version": "2.3.1",
      "resolved": "https://registry.npmjs.org/deprecation/-/deprecation-2.3.1.tgz",
      "integrity": "sha512-xmHIy4F3scKVwMsQ4WnVaS8bHOx0DmVwRywosKhaILI0ywMDWPtBSku2HNxRvF7jtwDRsoEwYQSfbxj8b7RlJQ=="
    },
    "is-plain-object": {
      "version": "4.1.1",
      "resolved": "https://registry.npmjs.org/is-plain-object/-/is-plain-object-4.1.1.tgz",
      "integrity": "sha512-5Aw8LLVsDlZsETVMhoMXzqsXwQqr/0vlnBYzIXJbYo2F4yYlhLHs+Ez7Bod7IIQKWkJbJfxrWD7pA1Dw1TKrwA=="
    },
    "node-fetch": {
      "version": "2.6.1",
      "resolved": "https://registry.npmjs.org/node-fetch/-/node-fetch-2.6.1.tgz",
      "integrity": "sha512-V4aYg89jEoVRxRb2fJdAg8FHvI7cEyYdVAh94HH0UIK8oJxUfkjlDQN9RbMx+bEjP7+ggMiFRprSti032Oipxw=="
    },
    "once": {
      "version": "1.4.0",
      "resolved": "https://registry.npmjs.org/once/-/once-1.4.0.tgz",
      "integrity": "sha1-WDsap3WWHUsROsF9nFC6753Xa9E=",
      "requires": {
        "wrappy": "1"
      }
    },
    "tunnel": {
      "version": "0.0.6",
      "resolved": "https://registry.npmjs.org/tunnel/-/tunnel-0.0.6.tgz",
      "integrity": "sha512-1h/Lnq9yajKY2PEbBadPXj3VxsDDu844OnaAo52UVmIzIvwwtBPIuNvkjuzBlTWpfJyUbG3ez0KSBibQkj4ojg=="
    },
    "typescript": {
      "version": "4.0.2",
      "resolved": "https://registry.npmjs.org/typescript/-/typescript-4.0.2.tgz",
      "integrity": "sha512-e4ERvRV2wb+rRZ/IQeb3jm2VxBsirQLpQhdxplZ2MEzGvDkkMmPglecnNDfSUBivMjP93vRbngYYDQqQ/78bcQ==",
      "dev": true
    },
    "universal-user-agent": {
      "version": "6.0.0",
      "resolved": "https://registry.npmjs.org/universal-user-agent/-/universal-user-agent-6.0.0.tgz",
      "integrity": "sha512-isyNax3wXoKaulPDZWHQqbmIx1k2tb9fb3GGDBRxCscfYV2Ch7WxPArBsFEG8s/safwXTT7H4QGhaIkTp9447w=="
    },
    "wrappy": {
      "version": "1.0.2",
      "resolved": "https://registry.npmjs.org/wrappy/-/wrappy-1.0.2.tgz",
      "integrity": "sha1-tSQ9jz7BqjXxNkYFvA0QNuMKtp8="
    }
  }
}
