{
  "name": "fork-sync",
  "version": "1.3.0",
  "lockfileVersion": 1,
  "requires": true,
  "dependencies": {
    "@actions/core": {
      "version": "1.2.6",
      "resolved": "https://registry.npmjs.org/@actions/core/-/core-1.2.6.tgz",
      "integrity": "sha512-ZQYitnqiyBc3D+k7LsgSBmMDVkOVidaagDG7j3fOym77jNunWRuYx7VSHa9GNfFZh+zh61xsCjRj4JxMZlDqTA=="
    },
    "@actions/github": {
      "version": "4.0.0",
      "resolved": "https://registry.npmjs.org/@actions/github/-/github-4.0.0.tgz",
      "integrity": "sha512-Ej/Y2E+VV6sR9X7pWL5F3VgEWrABaT292DRqRU6R4hnQjPtC/zD3nagxVdXWiRQvYDh8kHXo7IDmG42eJ/dOMA==",
      "requires": {
        "@actions/http-client": "^1.0.8",
        "@octokit/core": "^3.0.0",
        "@octokit/plugin-paginate-rest": "^2.2.3",
        "@octokit/plugin-rest-endpoint-methods": "^4.0.0"
      }
    },
    "@actions/http-client": {
      "version": "1.0.8",
      "resolved": "https://registry.npmjs.org/@actions/http-client/-/http-client-1.0.8.tgz",
      "integrity": "sha512-G4JjJ6f9Hb3Zvejj+ewLLKLf99ZC+9v+yCxoYf9vSyH+WkzPLB2LuUtRMGNkooMqdugGBFStIKXOuvH1W+EctA==",
      "requires": {
        "tunnel": "0.0.6"
      }
    },
    "@octokit/auth-token": {
      "version": "2.4.2",
      "resolved": "https://registry.npmjs.org/@octokit/auth-token/-/auth-token-2.4.2.tgz",
      "integrity": "sha512-jE/lE/IKIz2v1+/P0u4fJqv0kYwXOTujKemJMFr6FeopsxlIK3+wKDCJGnysg81XID5TgZQbIfuJ5J0lnTiuyQ==",
      "requires": {
        "@octokit/types": "^5.0.0"
      }
    },
    "@octokit/core": {
      "version": "3.1.2",
      "resolved": "https://registry.npmjs.org/@octokit/core/-/core-3.1.2.tgz",
      "integrity": "sha512-AInOFULmwOa7+NFi9F8DlDkm5qtZVmDQayi7TUgChE3yeIGPq0Y+6cAEXPexQ3Ea+uZy66hKEazR7DJyU+4wfw==",
      "requires": {
        "@octokit/auth-token": "^2.4.0",
        "@octokit/graphql": "^4.3.1",
        "@octokit/request": "^5.4.0",
        "@octokit/types": "^5.0.0",
        "before-after-hook": "^2.1.0",
        "universal-user-agent": "^6.0.0"
      }
    },
    "@octokit/endpoint": {
      "version": "6.0.5",
      "resolved": "https://registry.npmjs.org/@octokit/endpoint/-/endpoint-6.0.5.tgz",
      "integrity": "sha512-70K5u6zd45ItOny6aHQAsea8HHQjlQq85yqOMe+Aj8dkhN2qSJ9T+Q3YjUjEYfPRBcuUWNgMn62DQnP/4LAIiQ==",
      "requires": {
        "@octokit/types": "^5.0.0",
        "is-plain-object": "^4.0.0",
        "universal-user-agent": "^6.0.0"
      }
    },
    "@octokit/graphql": {
      "version": "4.5.4",
      "resolved": "https://registry.npmjs.org/@octokit/graphql/-/graphql-4.5.4.tgz",
      "integrity": "sha512-ITpZ+dQc0cXAW1FmDkHJJM+8Lb6anUnin0VB5hLBilnYVdLC0ICFU/KIvT7OXfW9S81DE3U4Vx2EypDG1OYaPA==",
      "requires": {
        "@octokit/request": "^5.3.0",
        "@octokit/types": "^5.0.0",
        "universal-user-agent": "^6.0.0"
      }
    },
    "@octokit/openapi-types": {
      "version": "3.3.0",
      "resolved": "https://registry.npmjs.org/@octokit/openapi-types/-/openapi-types-3.3.0.tgz",
      "integrity": "sha512-s3dd32gagPmKaSLNJ9aPNok7U+tl69YLESf6DgQz5Ml/iipPZtif3GLvWpNXoA6qspFm1LFUZX+C3SqWX/Y/TQ=="
    },
    "@octokit/plugin-paginate-rest": {
      "version": "2.3.2",
      "resolved": "https://registry.npmjs.org/@octokit/plugin-paginate-rest/-/plugin-paginate-rest-2.3.2.tgz",
      "integrity": "sha512-PjHbMhKryxClCrmfvRpGaKCTxUcHIf2zirWRV9SMGf0EmxD/rFew/abSqbMiLl9uQgRZvqtTyCRMGMlUv1ZsBg==",
      "requires": {
        "@octokit/types": "^5.3.0"
      }
    },
    "@octokit/plugin-request-log": {
      "version": "1.0.3",
      "resolved": "https://registry.npmjs.org/@octokit/plugin-request-log/-/plugin-request-log-1.0.3.tgz",
      "integrity": "sha512-4RFU4li238jMJAzLgAwkBAw+4Loile5haQMQr+uhFq27BmyJXcXSKvoQKqh0agsZEiUlW6iSv3FAgvmGkur7OQ=="
    },
    "@octokit/plugin-rest-endpoint-methods": {
      "version": "4.1.4",
      "resolved": "https://registry.npmjs.org/@octokit/plugin-rest-endpoint-methods/-/plugin-rest-endpoint-methods-4.1.4.tgz",
      "integrity": "sha512-Y2tVpSa7HjV3DGIQrQOJcReJ2JtcN9FaGr9jDa332Flro923/h3/Iu9e7Y4GilnzfLclHEh5iCQoCkHm7tWOcg==",
      "requires": {
        "@octokit/types": "^5.4.1",
        "deprecation": "^2.3.1"
      }
    },
    "@octokit/plugin-retry": {
      "version": "3.0.7",
      "resolved": "https://registry.npmjs.org/@octokit/plugin-retry/-/plugin-retry-3.0.7.tgz",
      "integrity": "sha512-n08BPfVeKj5wnyH7IaOWnuKbx+e9rSJkhDHMJWXLPv61625uWjsN8G7sAW3zWm9n9vnS4friE7LL/XLcyGeG8Q==",
      "requires": {
        "@octokit/types": "^6.0.3",
        "bottleneck": "^2.15.3"
      },
      "dependencies": {
        "@octokit/types": {
          "version": "6.6.0",
          "resolved": "https://registry.npmjs.org/@octokit/types/-/types-6.6.0.tgz",
          "integrity": "sha512-nmFoU3HCbw1AmnZU/eto2VvzV06+N7oAqXwMmAHGlNDF+KFykksh/VlAl85xc1P5T7Mw8fKYvXNaImNHCCH/rg==",
          "requires": {
            "@octokit/openapi-types": "^3.3.0",
            "@types/node": ">= 8"
          }
        }
      }
    },
    "@octokit/request": {
      "version": "5.4.7",
      "resolved": "https://registry.npmjs.org/@octokit/request/-/request-5.4.7.tgz",
      "integrity": "sha512-FN22xUDP0i0uF38YMbOfx6TotpcENP5W8yJM1e/LieGXn6IoRxDMnBf7tx5RKSW4xuUZ/1P04NFZy5iY3Rax1A==",
      "requires": {
        "@octokit/endpoint": "^6.0.1",
        "@octokit/request-error": "^2.0.0",
        "@octokit/types": "^5.0.0",
        "deprecation": "^2.0.0",
        "is-plain-object": "^4.0.0",
        "node-fetch": "^2.3.0",
        "once": "^1.4.0",
        "universal-user-agent": "^6.0.0"
      }
    },
    "@octokit/request-error": {
      "version": "2.0.2",
      "resolved": "https://registry.npmjs.org/@octokit/request-error/-/request-error-2.0.2.tgz",
      "integrity": "sha512-2BrmnvVSV1MXQvEkrb9zwzP0wXFNbPJij922kYBTLIlIafukrGOb+ABBT2+c6wZiuyWDH1K1zmjGQ0toN/wMWw==",
      "requires": {
        "@octokit/types": "^5.0.1",
        "deprecation": "^2.0.0",
        "once": "^1.4.0"
      }
    },
    "@octokit/rest": {
      "version": "18.0.15",
      "resolved": "https://registry.npmjs.org/@octokit/rest/-/rest-18.0.15.tgz",
      "integrity": "sha512-MBlZl0KeuvFMJ3210hG5xhh/jtYmMDLd5WmO49Wg4Rfg0odeivntWAyq3KofJDP2G8jskCaaOaZBKo0TeO9tFA==",
      "requires": {
        "@octokit/core": "^3.2.3",
        "@octokit/plugin-paginate-rest": "^2.6.2",
        "@octokit/plugin-request-log": "^1.0.2",
        "@octokit/plugin-rest-endpoint-methods": "4.8.0"
      },
      "dependencies": {
        "@octokit/auth-token": {
          "version": "2.4.5",
          "resolved": "https://registry.npmjs.org/@octokit/auth-token/-/auth-token-2.4.5.tgz",
          "integrity": "sha512-BpGYsPgJt05M7/L/5FoE1PiAbdxXFZkX/3kDYcsvd1v6UhlnE5e96dTDr0ezX/EFwciQxf3cNV0loipsURU+WA==",
          "requires": {
            "@octokit/types": "^6.0.3"
          }
        },
        "@octokit/core": {
          "version": "3.2.5",
          "resolved": "https://registry.npmjs.org/@octokit/core/-/core-3.2.5.tgz",
          "integrity": "sha512-+DCtPykGnvXKWWQI0E1XD+CCeWSBhB6kwItXqfFmNBlIlhczuDPbg+P6BtLnVBaRJDAjv+1mrUJuRsFSjktopg==",
          "requires": {
            "@octokit/auth-token": "^2.4.4",
            "@octokit/graphql": "^4.5.8",
            "@octokit/request": "^5.4.12",
            "@octokit/types": "^6.0.3",
            "before-after-hook": "^2.1.0",
            "universal-user-agent": "^6.0.0"
          }
        },
        "@octokit/graphql": {
          "version": "4.5.9",
          "resolved": "https://registry.npmjs.org/@octokit/graphql/-/graphql-4.5.9.tgz",
          "integrity": "sha512-c+0yofIugUNqo+ktrLaBlWSbjSq/UF8ChAyxQzbD3X74k1vAuyLKdDJmPwVExUFSp6+U1FzWe+3OkeRsIqV0vg==",
          "requires": {
            "@octokit/request": "^5.3.0",
            "@octokit/types": "^6.0.3",
            "universal-user-agent": "^6.0.0"
          }
        },
        "@octokit/plugin-paginate-rest": {
          "version": "2.9.0",
          "resolved": "https://registry.npmjs.org/@octokit/plugin-paginate-rest/-/plugin-paginate-rest-2.9.0.tgz",
          "integrity": "sha512-XxbOg45r2n/2QpU6hnGDxQNDRrJ7gjYpMXeDbUCigWTHECmjoyFLizkFO2jMEtidMkfiELn7AF8GBAJ/cbPTnA==",
          "requires": {
            "@octokit/types": "^6.6.0"
          }
        },
        "@octokit/plugin-rest-endpoint-methods": {
          "version": "4.8.0",
          "resolved": "https://registry.npmjs.org/@octokit/plugin-rest-endpoint-methods/-/plugin-rest-endpoint-methods-4.8.0.tgz",
          "integrity": "sha512-2zRpXDveJH8HsXkeeMtRW21do8wuSxVn1xXFdvhILyxlLWqGQrdJUA1/dk5DM7iAAYvwT/P3bDOLs90yL4S2AA==",
          "requires": {
            "@octokit/types": "^6.5.0",
            "deprecation": "^2.3.1"
          }
        },
        "@octokit/request": {
          "version": "5.4.13",
          "resolved": "https://registry.npmjs.org/@octokit/request/-/request-5.4.13.tgz",
          "integrity": "sha512-WcNRH5XPPtg7i1g9Da5U9dvZ6YbTffw9BN2rVezYiE7couoSyaRsw0e+Tl8uk1fArHE7Dn14U7YqUDy59WaqEw==",
          "requires": {
            "@octokit/endpoint": "^6.0.1",
            "@octokit/request-error": "^2.0.0",
            "@octokit/types": "^6.0.3",
            "deprecation": "^2.0.0",
            "is-plain-object": "^5.0.0",
            "node-fetch": "^2.6.1",
            "once": "^1.4.0",
            "universal-user-agent": "^6.0.0"
          }
        },
        "@octokit/types": {
          "version": "6.6.0",
          "resolved": "https://registry.npmjs.org/@octokit/types/-/types-6.6.0.tgz",
          "integrity": "sha512-nmFoU3HCbw1AmnZU/eto2VvzV06+N7oAqXwMmAHGlNDF+KFykksh/VlAl85xc1P5T7Mw8fKYvXNaImNHCCH/rg==",
          "requires": {
            "@octokit/openapi-types": "^3.3.0",
            "@types/node": ">= 8"
          }
        },
        "is-plain-object": {
          "version": "5.0.0",
          "resolved": "https://registry.npmjs.org/is-plain-object/-/is-plain-object-5.0.0.tgz",
          "integrity": "sha512-VRSzKkbMm5jMDoKLbltAkFQ5Qr7VDiTFGXxYFXXowVj387GeGNOCsOH6Msy00SGZ3Fp84b1Naa1psqgcCIEP5Q=="
        }
      }
    },
    "@octokit/types": {
      "version": "5.4.1",
      "resolved": "https://registry.npmjs.org/@octokit/types/-/types-5.4.1.tgz",
      "integrity": "sha512-OlMlSySBJoJ6uozkr/i03nO5dlYQyE05vmQNZhAh9MyO4DPBP88QlwsDVLmVjIMFssvIZB6WO0ctIGMRG+xsJQ==",
      "requires": {
        "@types/node": ">= 8"
      }
    },
    "@types/node": {
      "version": "14.14.22",
      "resolved": "https://registry.npmjs.org/@types/node/-/node-14.14.22.tgz",
      "integrity": "sha512-g+f/qj/cNcqKkc3tFqlXOYjrmZA+jNBiDzbP3kH+B+otKFqAdPgVTGP1IeKRdMml/aE69as5S4FqtxAbl+LaMw=="
    },
    "before-after-hook": {
      "version": "2.1.0",
      "resolved": "https://registry.npmjs.org/before-after-hook/-/before-after-hook-2.1.0.tgz",
      "integrity": "sha512-IWIbu7pMqyw3EAJHzzHbWa85b6oud/yfKYg5rqB5hNE8CeMi3nX+2C2sj0HswfblST86hpVEOAb9x34NZd6P7A=="
    },
    "bottleneck": {
      "version": "2.19.5",
      "resolved": "https://registry.npmjs.org/bottleneck/-/bottleneck-2.19.5.tgz",
      "integrity": "sha512-VHiNCbI1lKdl44tGrhNfU3lup0Tj/ZBMJB5/2ZbNXRCPuRCO7ed2mgcK4r17y+KB2EfuYuRaVlwNbAeaWGSpbw=="
    },
    "deprecation": {
      "version": "2.3.1",
      "resolved": "https://registry.npmjs.org/deprecation/-/deprecation-2.3.1.tgz",
      "integrity": "sha512-xmHIy4F3scKVwMsQ4WnVaS8bHOx0DmVwRywosKhaILI0ywMDWPtBSku2HNxRvF7jtwDRsoEwYQSfbxj8b7RlJQ=="
    },
    "is-plain-object": {
      "version": "4.1.1",
      "resolved": "https://registry.npmjs.org/is-plain-object/-/is-plain-object-4.1.1.tgz",
      "integrity": "sha512-5Aw8LLVsDlZsETVMhoMXzqsXwQqr/0vlnBYzIXJbYo2F4yYlhLHs+Ez7Bod7IIQKWkJbJfxrWD7pA1Dw1TKrwA=="
    },
    "node-fetch": {
      "version": "2.6.1",
      "resolved": "https://registry.npmjs.org/node-fetch/-/node-fetch-2.6.1.tgz",
      "integrity": "sha512-V4aYg89jEoVRxRb2fJdAg8FHvI7cEyYdVAh94HH0UIK8oJxUfkjlDQN9RbMx+bEjP7+ggMiFRprSti032Oipxw=="
    },
    "once": {
      "version": "1.4.0",
      "resolved": "https://registry.npmjs.org/once/-/once-1.4.0.tgz",
      "integrity": "sha1-WDsap3WWHUsROsF9nFC6753Xa9E=",
      "requires": {
        "wrappy": "1"
      }
    },
    "tunnel": {
      "version": "0.0.6",
      "resolved": "https://registry.npmjs.org/tunnel/-/tunnel-0.0.6.tgz",
      "integrity": "sha512-1h/Lnq9yajKY2PEbBadPXj3VxsDDu844OnaAo52UVmIzIvwwtBPIuNvkjuzBlTWpfJyUbG3ez0KSBibQkj4ojg=="
    },
    "typescript": {
      "version": "4.1.3",
      "resolved": "https://registry.npmjs.org/typescript/-/typescript-4.1.3.tgz",
      "integrity": "sha512-B3ZIOf1IKeH2ixgHhj6la6xdwR9QrLC5d1VKeCSY4tvkqhF2eqd9O7txNlS0PO3GrBAFIdr3L1ndNwteUbZLYg==",
      "dev": true
    },
    "universal-user-agent": {
      "version": "6.0.0",
      "resolved": "https://registry.npmjs.org/universal-user-agent/-/universal-user-agent-6.0.0.tgz",
      "integrity": "sha512-isyNax3wXoKaulPDZWHQqbmIx1k2tb9fb3GGDBRxCscfYV2Ch7WxPArBsFEG8s/safwXTT7H4QGhaIkTp9447w=="
    },
    "wrappy": {
      "version": "1.0.2",
      "resolved": "https://registry.npmjs.org/wrappy/-/wrappy-1.0.2.tgz",
      "integrity": "sha1-tSQ9jz7BqjXxNkYFvA0QNuMKtp8="
    }
  }
}
